
Microsoft Visual Studio Solution File, Format Version 12.00
# Visual Studio Version 16
VisualStudioVersion = 25.0.1705.2
MinimumVisualStudioVersion = 10.0.40219.1
Project("{FAE04EC0-301F-11D3-BF4B-00C04F79EFBC}") = "BackEngine", "BackEngine\BackEngine.csproj", "{00DE26C8-A3DA-4171-8515-6B007737605F}"
EndProject
Project("{FAE04EC0-301F-11D3-BF4B-00C04F79EFBC}") = "Tests", "Tests\Tests.csproj", "{B60F8022-5208-42EC-B5E0-68F7B130CF53}"
EndProject
Global
	GlobalSection(SolutionConfigurationPlatforms) = preSolution
		Debug|Any CPU = Debug|Any CPU
		Release|Any CPU = Release|Any CPU
	EndGlobalSection
	GlobalSection(ProjectConfigurationPlatforms) = postSolution
		{00DE26C8-A3DA-4171-8515-6B007737605F}.Debug|Any CPU.ActiveCfg = Debug|Any CPU
		{00DE26C8-A3DA-4171-8515-6B007737605F}.Debug|Any CPU.Build.0 = Debug|Any CPU
		{00DE26C8-A3DA-4171-8515-6B007737605F}.Release|Any CPU.ActiveCfg = Release|Any CPU
		{00DE26C8-A3DA-4171-8515-6B007737605F}.Release|Any CPU.Build.0 = Release|Any CPU
		{B60F8022-5208-42EC-B5E0-68F7B130CF53}.Debug|Any CPU.ActiveCfg = Debug|Any CPU
		{B60F8022-5208-42EC-B5E0-68F7B130CF53}.Debug|Any CPU.Build.0 = Debug|Any CPU
		{B60F8022-5208-42EC-B5E0-68F7B130CF53}.Release|Any CPU.ActiveCfg = Release|Any CPU
		{B60F8022-5208-42EC-B5E0-68F7B130CF53}.Release|Any CPU.Build.0 = Release|Any CPU
	EndGlobalSection
	GlobalSection(SolutionProperties) = preSolution
		HideSolutionNode = FALSE
	EndGlobalSection
	GlobalSection(ExtensibilityGlobals) = postSolution
		SolutionGuid = {525AE388-1896-4A10-8A84-6544353B412E}
	EndGlobalSection
EndGlobal
