
Microsoft Visual Studio Solution File, Format Version 12.00
# Visual Studio Version 17
VisualStudioVersion = 17.5.33516.290
MinimumVisualStudioVersion = 10.0.40219.1
Project("{9A19103F-16F7-4668-BE54-9A1E7A4F7556}") = "Engine2", "BackEngine\Engine2.csproj", "{00DE26C8-A3DA-4171-8515-6B007737605F}"
EndProject
Project("{9A19103F-16F7-4668-BE54-9A1E7A4F7556}") = "Tests", "Tests\Tests.csproj", "{B60F8022-5208-42EC-B5E0-68F7B130CF53}"
EndProject
Project("{2150E333-8FDC-42A3-9474-1A3956D46DE8}") = "Solution Items", "Solution Items", "{FA17E3ED-59E7-473F-BBD9-B2AA8C4D48A7}"
	ProjectSection(SolutionItems) = preProject
		todo.txt = todo.txt
	EndProjectSection
EndProject
Global
	GlobalSection(SolutionConfigurationPlatforms) = preSolution
		Debug|Any CPU = Debug|Any CPU
		Release|Any CPU = Release|Any CPU
	EndGlobalSection
	GlobalSection(ProjectConfigurationPlatforms) = postSolution
		{00DE26C8-A3DA-4171-8515-6B007737605F}.Debug|Any CPU.ActiveCfg = Debug|Any CPU
		{00DE26C8-A3DA-4171-8515-6B007737605F}.Debug|Any CPU.Build.0 = Debug|Any CPU
		{00DE26C8-A3DA-4171-8515-6B007737605F}.Release|Any CPU.ActiveCfg = Release|Any CPU
		{00DE26C8-A3DA-4171-8515-6B007737605F}.Release|Any CPU.Build.0 = Release|Any CPU
		{B60F8022-5208-42EC-B5E0-68F7B130CF53}.Debug|Any CPU.ActiveCfg = Debug|Any CPU
		{B60F8022-5208-42EC-B5E0-68F7B130CF53}.Debug|Any CPU.Build.0 = Debug|Any CPU
		{B60F8022-5208-42EC-B5E0-68F7B130CF53}.Release|Any CPU.ActiveCfg = Release|Any CPU
		{B60F8022-5208-42EC-B5E0-68F7B130CF53}.Release|Any CPU.Build.0 = Release|Any CPU
	EndGlobalSection
	GlobalSection(SolutionProperties) = preSolution
		HideSolutionNode = FALSE
	EndGlobalSection
	GlobalSection(ExtensibilityGlobals) = postSolution
		SolutionGuid = {525AE388-1896-4A10-8A84-6544353B412E}
	EndGlobalSection
EndGlobal
